{
  "version": 4,
  "terraform_version": "1.6.6",
  "serial": 1,
  "lineage": "da73caaf-e014-6a45-62cc-1e3c31b5e9fe",
  "outputs": {
    "application": {
      "value": "ci-cd-python-project",
      "type": "string"
    },
    "environment": {
      "value": "dev",
      "type": "string"
    }
  },
  "resources": [
    {
      "module": "module.app_environment",
      "mode": "managed",
      "type": "local_file",
      "name": "environment_definition",
      "provider": "provider[\"registry.terraform.io/hashicorp/local\"]",
      "instances": [
        {
          "schema_version": 0,
          "attributes": {
            "content": "Application: ci-cd-python-project\r\nEnvironment: dev\r\nOwner: platform-team\r\n",
            "content_base64": null,
            "content_base64sha256": "JLcpm5DYTwXwLXnrrILe7CZIW2edyPmzKlouTMrbV6A=",
            "content_base64sha512": "OAAWSR52jqtp1vWnO7I7y9gsD++60OrIb/fKsNpDgJyQXeKQBVycBgD8pNhtLZLAwfIH74DCUIjmZN+PjvNdEQ==",
            "content_md5": "9170519c493bef1f93076dbc7e4369d5",
            "content_sha1": "0d2547883bbe4ef4ab3a721d1a3050980287b87c",
            "content_sha256": "24b7299b90d84f05f02d79ebac82deec26485b679dc8f9b32a5a2e4ccadb57a0",
            "content_sha512": "380016491e768eab69d6f5a73bb23bcbd82c0fefbad0eac86ff7cab0da43809c905de290055c9c0600fca4d86d2d92c0c1f207ef80c25088e664df8f8ef35d11",
            "directory_permission": "0777",
            "file_permission": "0777",
            "filename": "modules/app_environment/dev.txt",
            "id": "0d2547883bbe4ef4ab3a721d1a3050980287b87c",
            "sensitive_content": null,
            "source": null
          },
          "sensitive_attributes": []
        }
      ]
    }
  ],
  "check_results": null
}
